// !$*UTF8*$!
{
	archiveVersion = 1;
	classes = {
	};
	objectVersion = 56;
	objects = {

/* Begin PBXBuildFile section */
		03065E592B040DCB000B0CA1 /* Solar in Frameworks */ = {isa = PBXBuildFile; productRef = 03065E582B040DCB000B0CA1 /* Solar */; };
		032959F22B01532A008F9E22 /* Weather_Menubar_App.swift in Sources */ = {isa = PBXBuildFile; fileRef = 032959F12B01532A008F9E22 /* Weather_Menubar_App.swift */; };
		032959F62B01532B008F9E22 /* Assets.xcassets in Resources */ = {isa = PBXBuildFile; fileRef = 032959F52B01532B008F9E22 /* Assets.xcassets */; };
		03295A1D2B020DD7008F9E22 /* Weather.swift in Sources */ = {isa = PBXBuildFile; fileRef = 03295A1C2B020DD7008F9E22 /* Weather.swift */; };
		03295A1F2B020E15008F9E22 /* Settings.swift in Sources */ = {isa = PBXBuildFile; fileRef = 03295A1E2B020E15008F9E22 /* Settings.swift */; };
		03295A212B0211A9008F9E22 /* LocationManager.swift in Sources */ = {isa = PBXBuildFile; fileRef = 03295A202B0211A9008F9E22 /* LocationManager.swift */; };
		0370FBBB2B051C7600BCD66E /* Pow in Frameworks */ = {isa = PBXBuildFile; productRef = 0370FBBA2B051C7600BCD66E /* Pow */; };
		03AF2ADB2B03755E00DA954D /* WeatherDataModels.swift in Sources */ = {isa = PBXBuildFile; fileRef = 03AF2ADA2B03755E00DA954D /* WeatherDataModels.swift */; };
		03AF2ADF2B0375D300DA954D /* WeatherAPIService.swift in Sources */ = {isa = PBXBuildFile; fileRef = 03AF2ADE2B0375D300DA954D /* WeatherAPIService.swift */; };
		03AF2AE22B03764F00DA954D /* WeatherViewModel.swift in Sources */ = {isa = PBXBuildFile; fileRef = 03AF2AE12B03764F00DA954D /* WeatherViewModel.swift */; };
		6DD0B37616A32EF1DF7ADD50 /* CurrentWeather.swift in Sources */ = {isa = PBXBuildFile; fileRef = 6DD0B4157B29AA289DAEAC2F /* CurrentWeather.swift */; };
		6DD0B7760222AF1E07D02262 /* HourlyWeather.swift in Sources */ = {isa = PBXBuildFile; fileRef = 6DD0B8590FA40FCDDED06216 /* HourlyWeather.swift */; };
		6DD0BE347551DD8BE032AD7D /* Content.swift in Sources */ = {isa = PBXBuildFile; fileRef = 6DD0BB22C34A301D5D813E34 /* Content.swift */; };
/* End PBXBuildFile section */

/* Begin PBXContainerItemProxy section */
		03295A002B01532B008F9E22 /* PBXContainerItemProxy */ = {
			isa = PBXContainerItemProxy;
			containerPortal = 032959E62B01532A008F9E22 /* Project object */;
			proxyType = 1;
			remoteGlobalIDString = 032959ED2B01532A008F9E22;
			remoteInfo = "Weather-Tomorrow.io";
		};
		03295A0A2B01532B008F9E22 /* PBXContainerItemProxy */ = {
			isa = PBXContainerItemProxy;
			containerPortal = 032959E62B01532A008F9E22 /* Project object */;
			proxyType = 1;
			remoteGlobalIDString = 032959ED2B01532A008F9E22;
			remoteInfo = "Weather-Tomorrow.io";
		};
/* End PBXContainerItemProxy section */

/* Begin PBXFileReference section */
		032959EE2B01532A008F9E22 /* Weather-Menubar.app */ = {isa = PBXFileReference; explicitFileType = wrapper.application; includeInIndex = 0; path = "Weather-Menubar.app"; sourceTree = BUILT_PRODUCTS_DIR; };
		032959F12B01532A008F9E22 /* Weather_Menubar_App.swift */ = {isa = PBXFileReference; lastKnownFileType = sourcecode.swift; path = Weather_Menubar_App.swift; sourceTree = "<group>"; };
		032959F52B01532B008F9E22 /* Assets.xcassets */ = {isa = PBXFileReference; lastKnownFileType = folder.assetcatalog; path = Assets.xcassets; sourceTree = "<group>"; };
		032959FA2B01532B008F9E22 /* Weather_Menubar.entitlements */ = {isa = PBXFileReference; lastKnownFileType = text.plist.entitlements; path = Weather_Menubar.entitlements; sourceTree = "<group>"; };
		032959FF2B01532B008F9E22 /* Weather-MenubarTests.xctest */ = {isa = PBXFileReference; explicitFileType = wrapper.cfbundle; includeInIndex = 0; path = "Weather-MenubarTests.xctest"; sourceTree = BUILT_PRODUCTS_DIR; };
		03295A092B01532B008F9E22 /* Weather-MenubarUITests.xctest */ = {isa = PBXFileReference; explicitFileType = wrapper.cfbundle; includeInIndex = 0; path = "Weather-MenubarUITests.xctest"; sourceTree = BUILT_PRODUCTS_DIR; };
		03295A1C2B020DD7008F9E22 /* Weather.swift */ = {isa = PBXFileReference; lastKnownFileType = sourcecode.swift; path = Weather.swift; sourceTree = "<group>"; };
		03295A1E2B020E15008F9E22 /* Settings.swift */ = {isa = PBXFileReference; lastKnownFileType = sourcecode.swift; path = Settings.swift; sourceTree = "<group>"; };
		03295A202B0211A9008F9E22 /* LocationManager.swift */ = {isa = PBXFileReference; lastKnownFileType = sourcecode.swift; path = LocationManager.swift; sourceTree = "<group>"; };
		03295A222B021456008F9E22 /* Weather-Menubar-Info.plist */ = {isa = PBXFileReference; lastKnownFileType = text.plist.xml; path = "Weather-Menubar-Info.plist"; sourceTree = SOURCE_ROOT; };
		03AF2ADA2B03755E00DA954D /* WeatherDataModels.swift */ = {isa = PBXFileReference; lastKnownFileType = sourcecode.swift; path = WeatherDataModels.swift; sourceTree = "<group>"; };
		03AF2ADE2B0375D300DA954D /* WeatherAPIService.swift */ = {isa = PBXFileReference; lastKnownFileType = sourcecode.swift; path = WeatherAPIService.swift; sourceTree = "<group>"; };
		03AF2AE12B03764F00DA954D /* WeatherViewModel.swift */ = {isa = PBXFileReference; lastKnownFileType = sourcecode.swift; path = WeatherViewModel.swift; sourceTree = "<group>"; };
		6DD0B4157B29AA289DAEAC2F /* CurrentWeather.swift */ = {isa = PBXFileReference; fileEncoding = 4; lastKnownFileType = sourcecode.swift; path = CurrentWeather.swift; sourceTree = "<group>"; };
		6DD0B8590FA40FCDDED06216 /* HourlyWeather.swift */ = {isa = PBXFileReference; fileEncoding = 4; lastKnownFileType = sourcecode.swift; path = HourlyWeather.swift; sourceTree = "<group>"; };
		6DD0BB22C34A301D5D813E34 /* Content.swift */ = {isa = PBXFileReference; fileEncoding = 4; lastKnownFileType = sourcecode.swift; path = Content.swift; sourceTree = "<group>"; };
/* End PBXFileReference section */

/* Begin PBXFrameworksBuildPhase section */
		032959EB2B01532A008F9E22 /* Frameworks */ = {
			isa = PBXFrameworksBuildPhase;
			buildActionMask = 2147483647;
			files = (
				03065E592B040DCB000B0CA1 /* Solar in Frameworks */,
				0370FBBB2B051C7600BCD66E /* Pow in Frameworks */,
			);
			runOnlyForDeploymentPostprocessing = 0;
		};
		032959FC2B01532B008F9E22 /* Frameworks */ = {
			isa = PBXFrameworksBuildPhase;
			buildActionMask = 2147483647;
			files = (
			);
			runOnlyForDeploymentPostprocessing = 0;
		};
		03295A062B01532B008F9E22 /* Frameworks */ = {
			isa = PBXFrameworksBuildPhase;
			buildActionMask = 2147483647;
			files = (
			);
			runOnlyForDeploymentPostprocessing = 0;
		};
/* End PBXFrameworksBuildPhase section */

/* Begin PBXGroup section */
		032959E52B01532A008F9E22 = {
			isa = PBXGroup;
			children = (
				032959F02B01532A008F9E22 /* Weather-Menubar */,
				032959EF2B01532A008F9E22 /* Products */,
			);
			sourceTree = "<group>";
		};
		032959EF2B01532A008F9E22 /* Products */ = {
			isa = PBXGroup;
			children = (
				032959EE2B01532A008F9E22 /* Weather-Menubar.app */,
				032959FF2B01532B008F9E22 /* Weather-MenubarTests.xctest */,
				03295A092B01532B008F9E22 /* Weather-MenubarUITests.xctest */,
			);
			name = Products;
			sourceTree = "<group>";
		};
		032959F02B01532A008F9E22 /* Weather-Menubar */ = {
			isa = PBXGroup;
			children = (
				03AF2AE02B03763F00DA954D /* ViewModels */,
				03AF2ADD2B0375C200DA954D /* Services */,
				03AF2ADC2B03758C00DA954D /* Views */,
				03AF2AD92B03754300DA954D /* Models */,
				03295A222B021456008F9E22 /* Weather-Menubar-Info.plist */,
				032959F12B01532A008F9E22 /* Weather_Menubar_App.swift */,
				032959F52B01532B008F9E22 /* Assets.xcassets */,
				032959FA2B01532B008F9E22 /* Weather_Menubar.entitlements */,
			);
			path = "Weather-Menubar";
			sourceTree = "<group>";
		};
		03AF2AD92B03754300DA954D /* Models */ = {
			isa = PBXGroup;
			children = (
				03AF2ADA2B03755E00DA954D /* WeatherDataModels.swift */,
			);
			path = Models;
			sourceTree = "<group>";
		};
		03AF2ADC2B03758C00DA954D /* Views */ = {
			isa = PBXGroup;
			children = (
				03295A1C2B020DD7008F9E22 /* Weather.swift */,
				03295A1E2B020E15008F9E22 /* Settings.swift */,
				6DD0BB22C34A301D5D813E34 /* Content.swift */,
				6DD0B8590FA40FCDDED06216 /* HourlyWeather.swift */,
				6DD0B4157B29AA289DAEAC2F /* CurrentWeather.swift */,
			);
			path = Views;
			sourceTree = "<group>";
		};
		03AF2ADD2B0375C200DA954D /* Services */ = {
			isa = PBXGroup;
			children = (
				03295A202B0211A9008F9E22 /* LocationManager.swift */,
				03AF2ADE2B0375D300DA954D /* WeatherAPIService.swift */,
			);
			path = Services;
			sourceTree = "<group>";
		};
		03AF2AE02B03763F00DA954D /* ViewModels */ = {
			isa = PBXGroup;
			children = (
				03AF2AE12B03764F00DA954D /* WeatherViewModel.swift */,
			);
			path = ViewModels;
			sourceTree = "<group>";
		};
/* End PBXGroup section */

/* Begin PBXNativeTarget section */
		032959ED2B01532A008F9E22 /* Weather-Menubar */ = {
			isa = PBXNativeTarget;
			buildConfigurationList = 03295A132B01532B008F9E22 /* Build configuration list for PBXNativeTarget "Weather-Menubar" */;
			buildPhases = (
				032959EA2B01532A008F9E22 /* Sources */,
				032959EB2B01532A008F9E22 /* Frameworks */,
				032959EC2B01532A008F9E22 /* Resources */,
			);
			buildRules = (
			);
			dependencies = (
			);
			name = "Weather-Menubar";
			packageProductDependencies = (
				03065E582B040DCB000B0CA1 /* Solar */,
				0370FBBA2B051C7600BCD66E /* Pow */,
			);
			productName = "Weather-Tomorrow.io";
			productReference = 032959EE2B01532A008F9E22 /* Weather-Menubar.app */;
			productType = "com.apple.product-type.application";
		};
		032959FE2B01532B008F9E22 /* Weather-MenubarTests */ = {
			isa = PBXNativeTarget;
			buildConfigurationList = 03295A162B01532B008F9E22 /* Build configuration list for PBXNativeTarget "Weather-MenubarTests" */;
			buildPhases = (
				032959FB2B01532B008F9E22 /* Sources */,
				032959FC2B01532B008F9E22 /* Frameworks */,
				032959FD2B01532B008F9E22 /* Resources */,
			);
			buildRules = (
			);
			dependencies = (
				03295A012B01532B008F9E22 /* PBXTargetDependency */,
			);
			name = "Weather-MenubarTests";
			productName = "Weather-Tomorrow.ioTests";
			productReference = 032959FF2B01532B008F9E22 /* Weather-MenubarTests.xctest */;
			productType = "com.apple.product-type.bundle.unit-test";
		};
		03295A082B01532B008F9E22 /* Weather-MenubarUITests */ = {
			isa = PBXNativeTarget;
			buildConfigurationList = 03295A192B01532B008F9E22 /* Build configuration list for PBXNativeTarget "Weather-MenubarUITests" */;
			buildPhases = (
				03295A052B01532B008F9E22 /* Sources */,
				03295A062B01532B008F9E22 /* Frameworks */,
				03295A072B01532B008F9E22 /* Resources */,
			);
			buildRules = (
			);
			dependencies = (
				03295A0B2B01532B008F9E22 /* PBXTargetDependency */,
			);
			name = "Weather-MenubarUITests";
			productName = "Weather-Tomorrow.ioUITests";
			productReference = 03295A092B01532B008F9E22 /* Weather-MenubarUITests.xctest */;
			productType = "com.apple.product-type.bundle.ui-testing";
		};
/* End PBXNativeTarget section */

/* Begin PBXProject section */
		032959E62B01532A008F9E22 /* Project object */ = {
			isa = PBXProject;
			attributes = {
				BuildIndependentTargetsInParallel = 1;
				LastSwiftUpdateCheck = 1500;
				LastUpgradeCheck = 1500;
				TargetAttributes = {
					032959ED2B01532A008F9E22 = {
						CreatedOnToolsVersion = 15.0.1;
					};
					032959FE2B01532B008F9E22 = {
						CreatedOnToolsVersion = 15.0.1;
						TestTargetID = 032959ED2B01532A008F9E22;
					};
					03295A082B01532B008F9E22 = {
						CreatedOnToolsVersion = 15.0.1;
						TestTargetID = 032959ED2B01532A008F9E22;
					};
				};
			};
			buildConfigurationList = 032959E92B01532A008F9E22 /* Build configuration list for PBXProject "Weather-Menubar" */;
			compatibilityVersion = "Xcode 14.0";
			developmentRegion = en;
			hasScannedForEncodings = 0;
			knownRegions = (
				en,
				Base,
			);
			mainGroup = 032959E52B01532A008F9E22;
			packageReferences = (
				03065E572B040DCB000B0CA1 /* XCRemoteSwiftPackageReference "Solar" */,
				0370FBB92B051C7600BCD66E /* XCRemoteSwiftPackageReference "Pow" */,
			);
			productRefGroup = 032959EF2B01532A008F9E22 /* Products */;
			projectDirPath = "";
			projectRoot = "";
			targets = (
				032959ED2B01532A008F9E22 /* Weather-Menubar */,
				032959FE2B01532B008F9E22 /* Weather-MenubarTests */,
				03295A082B01532B008F9E22 /* Weather-MenubarUITests */,
			);
		};
/* End PBXProject section */

/* Begin PBXResourcesBuildPhase section */
		032959EC2B01532A008F9E22 /* Resources */ = {
			isa = PBXResourcesBuildPhase;
			buildActionMask = 2147483647;
			files = (
				032959F62B01532B008F9E22 /* Assets.xcassets in Resources */,
			);
			runOnlyForDeploymentPostprocessing = 0;
		};
		032959FD2B01532B008F9E22 /* Resources */ = {
			isa = PBXResourcesBuildPhase;
			buildActionMask = 2147483647;
			files = (
			);
			runOnlyForDeploymentPostprocessing = 0;
		};
		03295A072B01532B008F9E22 /* Resources */ = {
			isa = PBXResourcesBuildPhase;
			buildActionMask = 2147483647;
			files = (
			);
			runOnlyForDeploymentPostprocessing = 0;
		};
/* End PBXResourcesBuildPhase section */

/* Begin PBXSourcesBuildPhase section */
		032959EA2B01532A008F9E22 /* Sources */ = {
			isa = PBXSourcesBuildPhase;
			buildActionMask = 2147483647;
			files = (
				03295A212B0211A9008F9E22 /* LocationManager.swift in Sources */,
				03295A1D2B020DD7008F9E22 /* Weather.swift in Sources */,
				032959F22B01532A008F9E22 /* Weather_Menubar_App.swift in Sources */,
				03AF2AE22B03764F00DA954D /* WeatherViewModel.swift in Sources */,
				03AF2ADF2B0375D300DA954D /* WeatherAPIService.swift in Sources */,
				03295A1F2B020E15008F9E22 /* Settings.swift in Sources */,
				03AF2ADB2B03755E00DA954D /* WeatherDataModels.swift in Sources */,
				6DD0BE347551DD8BE032AD7D /* Content.swift in Sources */,
				6DD0B7760222AF1E07D02262 /* HourlyWeather.swift in Sources */,
				6DD0B37616A32EF1DF7ADD50 /* CurrentWeather.swift in Sources */,
			);
			runOnlyForDeploymentPostprocessing = 0;
		};
		032959FB2B01532B008F9E22 /* Sources */ = {
			isa = PBXSourcesBuildPhase;
			buildActionMask = 2147483647;
			files = (
			);
			runOnlyForDeploymentPostprocessing = 0;
		};
		03295A052B01532B008F9E22 /* Sources */ = {
			isa = PBXSourcesBuildPhase;
			buildActionMask = 2147483647;
			files = (
			);
			runOnlyForDeploymentPostprocessing = 0;
		};
/* End PBXSourcesBuildPhase section */

/* Begin PBXTargetDependency section */
		03295A012B01532B008F9E22 /* PBXTargetDependency */ = {
			isa = PBXTargetDependency;
			target = 032959ED2B01532A008F9E22 /* Weather-Menubar */;
			targetProxy = 03295A002B01532B008F9E22 /* PBXContainerItemProxy */;
		};
		03295A0B2B01532B008F9E22 /* PBXTargetDependency */ = {
			isa = PBXTargetDependency;
			target = 032959ED2B01532A008F9E22 /* Weather-Menubar */;
			targetProxy = 03295A0A2B01532B008F9E22 /* PBXContainerItemProxy */;
		};
/* End PBXTargetDependency section */

/* Begin XCBuildConfiguration section */
		03295A112B01532B008F9E22 /* Debug */ = {
			isa = XCBuildConfiguration;
			buildSettings = {
				ALWAYS_SEARCH_USER_PATHS = NO;
				ASSETCATALOG_COMPILER_GENERATE_SWIFT_ASSET_SYMBOL_EXTENSIONS = YES;
				CLANG_ANALYZER_NONNULL = YES;
				CLANG_ANALYZER_NUMBER_OBJECT_CONVERSION = YES_AGGRESSIVE;
				CLANG_CXX_LANGUAGE_STANDARD = "gnu++20";
				CLANG_ENABLE_MODULES = YES;
				CLANG_ENABLE_OBJC_ARC = YES;
				CLANG_ENABLE_OBJC_WEAK = YES;
				CLANG_WARN_BLOCK_CAPTURE_AUTORELEASING = YES;
				CLANG_WARN_BOOL_CONVERSION = YES;
				CLANG_WARN_COMMA = YES;
				CLANG_WARN_CONSTANT_CONVERSION = YES;
				CLANG_WARN_DEPRECATED_OBJC_IMPLEMENTATIONS = YES;
				CLANG_WARN_DIRECT_OBJC_ISA_USAGE = YES_ERROR;
				CLANG_WARN_DOCUMENTATION_COMMENTS = YES;
				CLANG_WARN_EMPTY_BODY = YES;
				CLANG_WARN_ENUM_CONVERSION = YES;
				CLANG_WARN_INFINITE_RECURSION = YES;
				CLANG_WARN_INT_CONVERSION = YES;
				CLANG_WARN_NON_LITERAL_NULL_CONVERSION = YES;
				CLANG_WARN_OBJC_IMPLICIT_RETAIN_SELF = YES;
				CLANG_WARN_OBJC_LITERAL_CONVERSION = YES;
				CLANG_WARN_OBJC_ROOT_CLASS = YES_ERROR;
				CLANG_WARN_QUOTED_INCLUDE_IN_FRAMEWORK_HEADER = YES;
				CLANG_WARN_RANGE_LOOP_ANALYSIS = YES;
				CLANG_WARN_STRICT_PROTOTYPES = YES;
				CLANG_WARN_SUSPICIOUS_MOVE = YES;
				CLANG_WARN_UNGUARDED_AVAILABILITY = YES_AGGRESSIVE;
				CLANG_WARN_UNREACHABLE_CODE = YES;
				CLANG_WARN__DUPLICATE_METHOD_MATCH = YES;
				COPY_PHASE_STRIP = NO;
				DEAD_CODE_STRIPPING = YES;
				DEBUG_INFORMATION_FORMAT = dwarf;
				ENABLE_STRICT_OBJC_MSGSEND = YES;
				ENABLE_TESTABILITY = YES;
				ENABLE_USER_SCRIPT_SANDBOXING = YES;
				GCC_C_LANGUAGE_STANDARD = gnu17;
				GCC_DYNAMIC_NO_PIC = NO;
				GCC_NO_COMMON_BLOCKS = YES;
				GCC_OPTIMIZATION_LEVEL = 0;
				GCC_PREPROCESSOR_DEFINITIONS = (
					"DEBUG=1",
					"$(inherited)",
				);
				GCC_WARN_64_TO_32_BIT_CONVERSION = YES;
				GCC_WARN_ABOUT_RETURN_TYPE = YES_ERROR;
				GCC_WARN_UNDECLARED_SELECTOR = YES;
				GCC_WARN_UNINITIALIZED_AUTOS = YES_AGGRESSIVE;
				GCC_WARN_UNUSED_FUNCTION = YES;
				GCC_WARN_UNUSED_VARIABLE = YES;
				LOCALIZATION_PREFERS_STRING_CATALOGS = YES;
				MACOSX_DEPLOYMENT_TARGET = 14.0;
				MTL_ENABLE_DEBUG_INFO = INCLUDE_SOURCE;
				MTL_FAST_MATH = YES;
				ONLY_ACTIVE_ARCH = YES;
				SDKROOT = macosx;
				SWIFT_ACTIVE_COMPILATION_CONDITIONS = "DEBUG $(inherited)";
				SWIFT_OPTIMIZATION_LEVEL = "-Onone";
			};
			name = Debug;
		};
		03295A122B01532B008F9E22 /* Release */ = {
			isa = XCBuildConfiguration;
			buildSettings = {
				ALWAYS_SEARCH_USER_PATHS = NO;
				ASSETCATALOG_COMPILER_GENERATE_SWIFT_ASSET_SYMBOL_EXTENSIONS = YES;
				CLANG_ANALYZER_NONNULL = YES;
				CLANG_ANALYZER_NUMBER_OBJECT_CONVERSION = YES_AGGRESSIVE;
				CLANG_CXX_LANGUAGE_STANDARD = "gnu++20";
				CLANG_ENABLE_MODULES = YES;
				CLANG_ENABLE_OBJC_ARC = YES;
				CLANG_ENABLE_OBJC_WEAK = YES;
				CLANG_WARN_BLOCK_CAPTURE_AUTORELEASING = YES;
				CLANG_WARN_BOOL_CONVERSION = YES;
				CLANG_WARN_COMMA = YES;
				CLANG_WARN_CONSTANT_CONVERSION = YES;
				CLANG_WARN_DEPRECATED_OBJC_IMPLEMENTATIONS = YES;
				CLANG_WARN_DIRECT_OBJC_ISA_USAGE = YES_ERROR;
				CLANG_WARN_DOCUMENTATION_COMMENTS = YES;
				CLANG_WARN_EMPTY_BODY = YES;
				CLANG_WARN_ENUM_CONVERSION = YES;
				CLANG_WARN_INFINITE_RECURSION = YES;
				CLANG_WARN_INT_CONVERSION = YES;
				CLANG_WARN_NON_LITERAL_NULL_CONVERSION = YES;
				CLANG_WARN_OBJC_IMPLICIT_RETAIN_SELF = YES;
				CLANG_WARN_OBJC_LITERAL_CONVERSION = YES;
				CLANG_WARN_OBJC_ROOT_CLASS = YES_ERROR;
				CLANG_WARN_QUOTED_INCLUDE_IN_FRAMEWORK_HEADER = YES;
				CLANG_WARN_RANGE_LOOP_ANALYSIS = YES;
				CLANG_WARN_STRICT_PROTOTYPES = YES;
				CLANG_WARN_SUSPICIOUS_MOVE = YES;
				CLANG_WARN_UNGUARDED_AVAILABILITY = YES_AGGRESSIVE;
				CLANG_WARN_UNREACHABLE_CODE = YES;
				CLANG_WARN__DUPLICATE_METHOD_MATCH = YES;
				COPY_PHASE_STRIP = NO;
				DEAD_CODE_STRIPPING = YES;
				DEBUG_INFORMATION_FORMAT = "dwarf-with-dsym";
				ENABLE_NS_ASSERTIONS = NO;
				ENABLE_STRICT_OBJC_MSGSEND = YES;
				ENABLE_USER_SCRIPT_SANDBOXING = YES;
				GCC_C_LANGUAGE_STANDARD = gnu17;
				GCC_NO_COMMON_BLOCKS = YES;
				GCC_WARN_64_TO_32_BIT_CONVERSION = YES;
				GCC_WARN_ABOUT_RETURN_TYPE = YES_ERROR;
				GCC_WARN_UNDECLARED_SELECTOR = YES;
				GCC_WARN_UNINITIALIZED_AUTOS = YES_AGGRESSIVE;
				GCC_WARN_UNUSED_FUNCTION = YES;
				GCC_WARN_UNUSED_VARIABLE = YES;
				LOCALIZATION_PREFERS_STRING_CATALOGS = YES;
				MACOSX_DEPLOYMENT_TARGET = 14.0;
				MTL_ENABLE_DEBUG_INFO = NO;
				MTL_FAST_MATH = YES;
				SDKROOT = macosx;
				SWIFT_COMPILATION_MODE = wholemodule;
			};
			name = Release;
		};
		03295A142B01532B008F9E22 /* Debug */ = {
			isa = XCBuildConfiguration;
			buildSettings = {
				ASSETCATALOG_COMPILER_APPICON_NAME = AppIcon;
				ASSETCATALOG_COMPILER_GLOBAL_ACCENT_COLOR_NAME = AccentColor;
				CODE_SIGN_ENTITLEMENTS = "Weather-Menubar/Weather_Menubar.entitlements";
				"CODE_SIGN_IDENTITY[sdk=macosx*]" = "Apple Development";
				CODE_SIGN_STYLE = Automatic;
				COMBINE_HIDPI_IMAGES = YES;
				CURRENT_PROJECT_VERSION = 1;
				DEAD_CODE_STRIPPING = YES;
				DEVELOPMENT_TEAM = 5PLGCB6G83;
				ENABLE_PREVIEWS = YES;
				GENERATE_INFOPLIST_FILE = YES;
				INFOPLIST_FILE = "Weather-Menubar-Info.plist";
				INFOPLIST_KEY_CFBundleDisplayName = "Weather-Menubar";
				INFOPLIST_KEY_LSApplicationCategoryType = "public.app-category.weather";
				INFOPLIST_KEY_LSUIElement = YES;
				INFOPLIST_KEY_NSHumanReadableCopyright = "";
				INFOPLIST_KEY_NSLocationUsageDescription = "We need your location to provide weather updates for your area.";
				INFOPLIST_KEY_NSLocationWhenInUseUsageDescription = "We need your location to provide weather updates for your area.";
				LD_RUNPATH_SEARCH_PATHS = (
					"$(inherited)",
					"@executable_path/../Frameworks",
				);
				MARKETING_VERSION = 1.0;
				PRODUCT_BUNDLE_IDENTIFIER = "org.yoavfarhi.Weather-Tomorrow-io";
				PRODUCT_NAME = "$(TARGET_NAME)";
				SWIFT_EMIT_LOC_STRINGS = YES;
				SWIFT_VERSION = 5.0;
			};
			name = Debug;
		};
		03295A152B01532B008F9E22 /* Release */ = {
			isa = XCBuildConfiguration;
			buildSettings = {
				ASSETCATALOG_COMPILER_APPICON_NAME = AppIcon;
				ASSETCATALOG_COMPILER_GLOBAL_ACCENT_COLOR_NAME = AccentColor;
				CODE_SIGN_ENTITLEMENTS = "Weather-Menubar/Weather_Menubar.entitlements";
				"CODE_SIGN_IDENTITY[sdk=macosx*]" = "Apple Development";
				CODE_SIGN_STYLE = Automatic;
				COMBINE_HIDPI_IMAGES = YES;
				CURRENT_PROJECT_VERSION = 1;
				DEAD_CODE_STRIPPING = YES;
				DEVELOPMENT_TEAM = 5PLGCB6G83;
				ENABLE_PREVIEWS = YES;
				GENERATE_INFOPLIST_FILE = YES;
				INFOPLIST_FILE = "Weather-Menubar-Info.plist";
				INFOPLIST_KEY_CFBundleDisplayName = "Weather-Menubar";
				INFOPLIST_KEY_LSApplicationCategoryType = "public.app-category.weather";
				INFOPLIST_KEY_LSUIElement = YES;
				INFOPLIST_KEY_NSHumanReadableCopyright = "";
				INFOPLIST_KEY_NSLocationUsageDescription = "We need your location to provide weather updates for your area.";
				INFOPLIST_KEY_NSLocationWhenInUseUsageDescription = "We need your location to provide weather updates for your area.";
				LD_RUNPATH_SEARCH_PATHS = (
					"$(inherited)",
					"@executable_path/../Frameworks",
				);
				MARKETING_VERSION = 1.0;
				PRODUCT_BUNDLE_IDENTIFIER = "org.yoavfarhi.Weather-Tomorrow-io";
				PRODUCT_NAME = "$(TARGET_NAME)";
				SWIFT_EMIT_LOC_STRINGS = YES;
				SWIFT_VERSION = 5.0;
			};
			name = Release;
		};
		03295A172B01532B008F9E22 /* Debug */ = {
			isa = XCBuildConfiguration;
			buildSettings = {
				ALWAYS_EMBED_SWIFT_STANDARD_LIBRARIES = YES;
				BUNDLE_LOADER = "$(TEST_HOST)";
				CODE_SIGN_STYLE = Automatic;
				CURRENT_PROJECT_VERSION = 1;
				DEAD_CODE_STRIPPING = YES;
				GENERATE_INFOPLIST_FILE = YES;
				MACOSX_DEPLOYMENT_TARGET = 14.0;
				MARKETING_VERSION = 1.0;
				PRODUCT_BUNDLE_IDENTIFIER = "org.yoavfarhi.Weather-Tomorrow-ioTests";
				PRODUCT_NAME = "$(TARGET_NAME)";
				SWIFT_EMIT_LOC_STRINGS = NO;
				SWIFT_VERSION = 5.0;
				TEST_HOST = "$(BUILT_PRODUCTS_DIR)/Weather-Menubar.app/$(BUNDLE_EXECUTABLE_FOLDER_PATH)/Weather-Menubar";
			};
			name = Debug;
		};
		03295A182B01532B008F9E22 /* Release */ = {
			isa = XCBuildConfiguration;
			buildSettings = {
				ALWAYS_EMBED_SWIFT_STANDARD_LIBRARIES = YES;
				BUNDLE_LOADER = "$(TEST_HOST)";
				CODE_SIGN_STYLE = Automatic;
				CURRENT_PROJECT_VERSION = 1;
				DEAD_CODE_STRIPPING = YES;
				GENERATE_INFOPLIST_FILE = YES;
				MACOSX_DEPLOYMENT_TARGET = 14.0;
				MARKETING_VERSION = 1.0;
				PRODUCT_BUNDLE_IDENTIFIER = "org.yoavfarhi.Weather-Tomorrow-ioTests";
				PRODUCT_NAME = "$(TARGET_NAME)";
				SWIFT_EMIT_LOC_STRINGS = NO;
				SWIFT_VERSION = 5.0;
				TEST_HOST = "$(BUILT_PRODUCTS_DIR)/Weather-Menubar.app/$(BUNDLE_EXECUTABLE_FOLDER_PATH)/Weather-Menubar";
			};
			name = Release;
		};
		03295A1A2B01532B008F9E22 /* Debug */ = {
			isa = XCBuildConfiguration;
			buildSettings = {
				ALWAYS_EMBED_SWIFT_STANDARD_LIBRARIES = YES;
				CODE_SIGN_STYLE = Automatic;
				CURRENT_PROJECT_VERSION = 1;
				DEAD_CODE_STRIPPING = YES;
				GENERATE_INFOPLIST_FILE = YES;
				MARKETING_VERSION = 1.0;
				PRODUCT_BUNDLE_IDENTIFIER = "org.yoavfarhi.Weather-Tomorrow-ioUITests";
				PRODUCT_NAME = "$(TARGET_NAME)";
				SWIFT_EMIT_LOC_STRINGS = NO;
				SWIFT_VERSION = 5.0;
				TEST_TARGET_NAME = "Weather-Tomorrow.io";
			};
			name = Debug;
		};
		03295A1B2B01532B008F9E22 /* Release */ = {
			isa = XCBuildConfiguration;
			buildSettings = {
				ALWAYS_EMBED_SWIFT_STANDARD_LIBRARIES = YES;
				CODE_SIGN_STYLE = Automatic;
				CURRENT_PROJECT_VERSION = 1;
				DEAD_CODE_STRIPPING = YES;
				GENERATE_INFOPLIST_FILE = YES;
				MARKETING_VERSION = 1.0;
				PRODUCT_BUNDLE_IDENTIFIER = "org.yoavfarhi.Weather-Tomorrow-ioUITests";
				PRODUCT_NAME = "$(TARGET_NAME)";
				SWIFT_EMIT_LOC_STRINGS = NO;
				SWIFT_VERSION = 5.0;
				TEST_TARGET_NAME = "Weather-Tomorrow.io";
			};
			name = Release;
		};
/* End XCBuildConfiguration section */

/* Begin XCConfigurationList section */
		032959E92B01532A008F9E22 /* Build configuration list for PBXProject "Weather-Menubar" */ = {
			isa = XCConfigurationList;
			buildConfigurations = (
				03295A112B01532B008F9E22 /* Debug */,
				03295A122B01532B008F9E22 /* Release */,
			);
			defaultConfigurationIsVisible = 0;
			defaultConfigurationName = Release;
		};
		03295A132B01532B008F9E22 /* Build configuration list for PBXNativeTarget "Weather-Menubar" */ = {
			isa = XCConfigurationList;
			buildConfigurations = (
				03295A142B01532B008F9E22 /* Debug */,
				03295A152B01532B008F9E22 /* Release */,
			);
			defaultConfigurationIsVisible = 0;
			defaultConfigurationName = Release;
		};
		03295A162B01532B008F9E22 /* Build configuration list for PBXNativeTarget "Weather-MenubarTests" */ = {
			isa = XCConfigurationList;
			buildConfigurations = (
				03295A172B01532B008F9E22 /* Debug */,
				03295A182B01532B008F9E22 /* Release */,
			);
			defaultConfigurationIsVisible = 0;
			defaultConfigurationName = Release;
		};
		03295A192B01532B008F9E22 /* Build configuration list for PBXNativeTarget "Weather-MenubarUITests" */ = {
			isa = XCConfigurationList;
			buildConfigurations = (
				03295A1A2B01532B008F9E22 /* Debug */,
				03295A1B2B01532B008F9E22 /* Release */,
			);
			defaultConfigurationIsVisible = 0;
			defaultConfigurationName = Release;
		};
/* End XCConfigurationList section */

/* Begin XCRemoteSwiftPackageReference section */
		03065E572B040DCB000B0CA1 /* XCRemoteSwiftPackageReference "Solar" */ = {
			isa = XCRemoteSwiftPackageReference;
			repositoryURL = "https://github.com/ceeK/Solar.git";
			requirement = {
				kind = upToNextMajorVersion;
				minimumVersion = 3.0.1;
			};
		};
		0370FBB92B051C7600BCD66E /* XCRemoteSwiftPackageReference "Pow" */ = {
			isa = XCRemoteSwiftPackageReference;
			repositoryURL = "https://github.com/movingparts-io/Pow";
			requirement = {
				branch = main;
				kind = branch;
			};
		};
/* End XCRemoteSwiftPackageReference section */

/* Begin XCSwiftPackageProductDependency section */
		03065E582B040DCB000B0CA1 /* Solar */ = {
			isa = XCSwiftPackageProductDependency;
			package = 03065E572B040DCB000B0CA1 /* XCRemoteSwiftPackageReference "Solar" */;
			productName = Solar;
		};
		0370FBBA2B051C7600BCD66E /* Pow */ = {
			isa = XCSwiftPackageProductDependency;
			package = 0370FBB92B051C7600BCD66E /* XCRemoteSwiftPackageReference "Pow" */;
			productName = Pow;
		};
/* End XCSwiftPackageProductDependency section */
	};
	rootObject = 032959E62B01532A008F9E22 /* Project object */;
}
